
Microsoft Visual Studio Solution File, Format Version 12.00
# Visual Studio Version 17
VisualStudioVersion = 17.4.33205.214
MinimumVisualStudioVersion = 10.0.40219.1
Project("{FAE04EC0-301F-11D3-BF4B-00C04F79EFBC}") = "TransparentForm", "TransparentForm\TransparentForm.csproj", "{DFBC73FC-04B2-469A-B003-0F264187619B}"
EndProject
Project("{2150E333-8FDC-42A3-9474-1A3956D46DE8}") = "Common", "Common", "{409BB5BB-DF81-4178-B587-A961C7AA442A}"
EndProject
Project("{FAE04EC0-301F-11D3-BF4B-00C04F79EFBC}") = "CommonInterfaces", "Common\CommonInterfaces\CommonInterfaces.csproj", "{A6796B05-97A0-42B0-BFBC-29A5062EEC1F}"
EndProject
Project("{FAE04EC0-301F-11D3-BF4B-00C04F79EFBC}") = "HelloWinForms", "HelloWinForms\HelloWinForms.csproj", "{4F62B098-A979-4EB5-9263-03BAABBC446F}"
EndProject
Global
	GlobalSection(SolutionConfigurationPlatforms) = preSolution
		Debug|Any CPU = Debug|Any CPU
		Release|Any CPU = Release|Any CPU
	EndGlobalSection
	GlobalSection(ProjectConfigurationPlatforms) = postSolution
		{DFBC73FC-04B2-469A-B003-0F264187619B}.Debug|Any CPU.ActiveCfg = Debug|Any CPU
		{DFBC73FC-04B2-469A-B003-0F264187619B}.Debug|Any CPU.Build.0 = Debug|Any CPU
		{DFBC73FC-04B2-469A-B003-0F264187619B}.Release|Any CPU.ActiveCfg = Release|Any CPU
		{DFBC73FC-04B2-469A-B003-0F264187619B}.Release|Any CPU.Build.0 = Release|Any CPU
		{A6796B05-97A0-42B0-BFBC-29A5062EEC1F}.Debug|Any CPU.ActiveCfg = Debug|Any CPU
		{A6796B05-97A0-42B0-BFBC-29A5062EEC1F}.Debug|Any CPU.Build.0 = Debug|Any CPU
		{A6796B05-97A0-42B0-BFBC-29A5062EEC1F}.Release|Any CPU.ActiveCfg = Release|Any CPU
		{A6796B05-97A0-42B0-BFBC-29A5062EEC1F}.Release|Any CPU.Build.0 = Release|Any CPU
		{4F62B098-A979-4EB5-9263-03BAABBC446F}.Debug|Any CPU.ActiveCfg = Debug|Any CPU
		{4F62B098-A979-4EB5-9263-03BAABBC446F}.Debug|Any CPU.Build.0 = Debug|Any CPU
		{4F62B098-A979-4EB5-9263-03BAABBC446F}.Release|Any CPU.ActiveCfg = Release|Any CPU
		{4F62B098-A979-4EB5-9263-03BAABBC446F}.Release|Any CPU.Build.0 = Release|Any CPU
	EndGlobalSection
	GlobalSection(SolutionProperties) = preSolution
		HideSolutionNode = FALSE
	EndGlobalSection
	GlobalSection(NestedProjects) = preSolution
		{A6796B05-97A0-42B0-BFBC-29A5062EEC1F} = {409BB5BB-DF81-4178-B587-A961C7AA442A}
	EndGlobalSection
	GlobalSection(ExtensibilityGlobals) = postSolution
		SolutionGuid = {0294A8FE-AA2B-498C-89FC-9E07276AD26F}
	EndGlobalSection
EndGlobal
