
Microsoft Visual Studio Solution File, Format Version 12.00
# Visual Studio Version 17
VisualStudioVersion = 17.4.33205.214
MinimumVisualStudioVersion = 10.0.40219.1
Project("{FAE04EC0-301F-11D3-BF4B-00C04F79EFBC}") = "HelloWinForms", "HelloWinForms\HelloWinForms.csproj", "{8E7281A9-F090-45AD-8333-B4F2894B07A4}"
EndProject
Project("{FAE04EC0-301F-11D3-BF4B-00C04F79EFBC}") = "DeviceCxClassLibrary", "DeviceCxClassLibrary\DeviceCxClassLibrary.csproj", "{A7743502-0639-4883-8649-AAB8C0828839}"
EndProject
Project("{FAE04EC0-301F-11D3-BF4B-00C04F79EFBC}") = "TransparentForm", "TransparentForm\TransparentForm.csproj", "{DFBC73FC-04B2-469A-B003-0F264187619B}"
EndProject
Global
	GlobalSection(SolutionConfigurationPlatforms) = preSolution
		Debug|Any CPU = Debug|Any CPU
		Release|Any CPU = Release|Any CPU
	EndGlobalSection
	GlobalSection(ProjectConfigurationPlatforms) = postSolution
		{8E7281A9-F090-45AD-8333-B4F2894B07A4}.Debug|Any CPU.ActiveCfg = Debug|Any CPU
		{8E7281A9-F090-45AD-8333-B4F2894B07A4}.Debug|Any CPU.Build.0 = Debug|Any CPU
		{8E7281A9-F090-45AD-8333-B4F2894B07A4}.Release|Any CPU.ActiveCfg = Release|Any CPU
		{8E7281A9-F090-45AD-8333-B4F2894B07A4}.Release|Any CPU.Build.0 = Release|Any CPU
		{A7743502-0639-4883-8649-AAB8C0828839}.Debug|Any CPU.ActiveCfg = Debug|Any CPU
		{A7743502-0639-4883-8649-AAB8C0828839}.Debug|Any CPU.Build.0 = Debug|Any CPU
		{A7743502-0639-4883-8649-AAB8C0828839}.Release|Any CPU.ActiveCfg = Release|Any CPU
		{A7743502-0639-4883-8649-AAB8C0828839}.Release|Any CPU.Build.0 = Release|Any CPU
		{DFBC73FC-04B2-469A-B003-0F264187619B}.Debug|Any CPU.ActiveCfg = Debug|Any CPU
		{DFBC73FC-04B2-469A-B003-0F264187619B}.Debug|Any CPU.Build.0 = Debug|Any CPU
		{DFBC73FC-04B2-469A-B003-0F264187619B}.Release|Any CPU.ActiveCfg = Release|Any CPU
		{DFBC73FC-04B2-469A-B003-0F264187619B}.Release|Any CPU.Build.0 = Release|Any CPU
	EndGlobalSection
	GlobalSection(SolutionProperties) = preSolution
		HideSolutionNode = FALSE
	EndGlobalSection
	GlobalSection(ExtensibilityGlobals) = postSolution
		SolutionGuid = {0294A8FE-AA2B-498C-89FC-9E07276AD26F}
	EndGlobalSection
EndGlobal
